
Microsoft Visual Studio Solution File, Format Version 12.00
# Visual Studio Version 17
VisualStudioVersion = 17.10.34928.147
MinimumVisualStudioVersion = 10.0.40219.1
Project("{FAE04EC0-301F-11D3-BF4B-00C04F79EFBC}") = "ApiContabsv", "ApiContabsv.csproj", "{625747E2-7158-4DC4-90B9-2615D14CFFBE}"
EndProject
Global
	GlobalSection(SolutionConfigurationPlatforms) = preSolution
		Debug|Any CPU = Debug|Any CPU
		Release|Any CPU = Release|Any CPU
	EndGlobalSection
	GlobalSection(ProjectConfigurationPlatforms) = postSolution
		{625747E2-7158-4DC4-90B9-2615D14CFFBE}.Debug|Any CPU.ActiveCfg = Debug|Any CPU
		{625747E2-7158-4DC4-90B9-2615D14CFFBE}.Debug|Any CPU.Build.0 = Debug|Any CPU
		{625747E2-7158-4DC4-90B9-2615D14CFFBE}.Release|Any CPU.ActiveCfg = Release|Any CPU
		{625747E2-7158-4DC4-90B9-2615D14CFFBE}.Release|Any CPU.Build.0 = Release|Any CPU
	EndGlobalSection
	GlobalSection(SolutionProperties) = preSolution
		HideSolutionNode = FALSE
	EndGlobalSection
	GlobalSection(ExtensibilityGlobals) = postSolution
		SolutionGuid = {02279B0B-7F0F-40FB-A215-809F42EB831F}
	EndGlobalSection
EndGlobal
